
Microsoft Visual Studio Solution File, Format Version 12.00
# Visual Studio Version 17
VisualStudioVersion = 17.1.32210.238
MinimumVisualStudioVersion = 10.0.40219.1
Project("{FAE04EC0-301F-11D3-BF4B-00C04F79EFBC}") = "pr1PRACTIC", "pr1PRACTIC\pr1PRACTIC.csproj", "{08436017-F515-4197-895C-1EAAD42B155A}"
EndProject
Global
	GlobalSection(SolutionConfigurationPlatforms) = preSolution
		Debug|Any CPU = Debug|Any CPU
		Release|Any CPU = Release|Any CPU
	EndGlobalSection
	GlobalSection(ProjectConfigurationPlatforms) = postSolution
		{08436017-F515-4197-895C-1EAAD42B155A}.Debug|Any CPU.ActiveCfg = Debug|Any CPU
		{08436017-F515-4197-895C-1EAAD42B155A}.Debug|Any CPU.Build.0 = Debug|Any CPU
		{08436017-F515-4197-895C-1EAAD42B155A}.Release|Any CPU.ActiveCfg = Release|Any CPU
		{08436017-F515-4197-895C-1EAAD42B155A}.Release|Any CPU.Build.0 = Release|Any CPU
	EndGlobalSection
	GlobalSection(SolutionProperties) = preSolution
		HideSolutionNode = FALSE
	EndGlobalSection
	GlobalSection(ExtensibilityGlobals) = postSolution
		SolutionGuid = {8A79A2A6-E566-4AC6-B235-2B6778EE1C63}
	EndGlobalSection
EndGlobal
